
Microsoft Visual Studio Solution File, Format Version 12.00
# Visual Studio Version 17
VisualStudioVersion = 17.6.33815.320
MinimumVisualStudioVersion = 10.0.40219.1
Project("{9A19103F-16F7-4668-BE54-9A1E7A4F7556}") = "MagicVilla_API", "MagicVilla_API\MagicVilla_API.csproj", "{A771A584-610C-4AA9-8BA7-D99738F2330A}"
EndProject
Global
	GlobalSection(SolutionConfigurationPlatforms) = preSolution
		Debug|Any CPU = Debug|Any CPU
		Release|Any CPU = Release|Any CPU
	EndGlobalSection
	GlobalSection(ProjectConfigurationPlatforms) = postSolution
		{A771A584-610C-4AA9-8BA7-D99738F2330A}.Debug|Any CPU.ActiveCfg = Debug|Any CPU
		{A771A584-610C-4AA9-8BA7-D99738F2330A}.Debug|Any CPU.Build.0 = Debug|Any CPU
		{A771A584-610C-4AA9-8BA7-D99738F2330A}.Release|Any CPU.ActiveCfg = Release|Any CPU
		{A771A584-610C-4AA9-8BA7-D99738F2330A}.Release|Any CPU.Build.0 = Release|Any CPU
	EndGlobalSection
	GlobalSection(SolutionProperties) = preSolution
		HideSolutionNode = FALSE
	EndGlobalSection
	GlobalSection(ExtensibilityGlobals) = postSolution
		SolutionGuid = {655B52C4-E8B6-48B3-8CE9-B7C1DDBEC881}
	EndGlobalSection
EndGlobal
